{
  "lockfileVersion": 1,
  "configVersion": 1,
  "workspaces": {
    "": {
      "name": "@litestar-spa/email-templates",
      "dependencies": {
        "@react-email/components": "^0.0.31",
        "@react-email/render": "^1.0.4",
        "react": "^19.0.0",
        "react-dom": "^19.0.0",
      },
      "devDependencies": {
        "@types/bun": "^1.2.2",
        "@types/node": "^22.0.0",
        "@types/react": "^19.0.0",
        "typescript": "^5.7.3",
      },
    },
  },
  "packages": {
    "@react-email/body": ["@react-email/body@0.0.11", "", { "peerDependencies": { "react": "^18.0 || ^19.0 || ^19.0.0-rc" } }, "sha512-ZSD2SxVSgUjHGrB0Wi+4tu3MEpB4fYSbezsFNEJk2xCWDBkFiOeEsjTmR5dvi+CxTK691hQTQlHv0XWuP7ENTg=="],

    "@react-email/button": ["@react-email/button@0.0.19", "", { "peerDependencies": { "react": "^18.0 || ^19.0 || ^19.0.0-rc" } }, "sha512-HYHrhyVGt7rdM/ls6FuuD6XE7fa7bjZTJqB2byn6/oGsfiEZaogY77OtoLL/mrQHjHjZiJadtAMSik9XLcm7+A=="],

    "@react-email/code-block": ["@react-email/code-block@0.0.11", "", { "dependencies": { "prismjs": "1.29.0" }, "peerDependencies": { "react": "^18.0 || ^19.0 || ^19.0.0-rc" } }, "sha512-4D43p+LIMjDzm66gTDrZch0Flkip5je91mAT7iGs6+SbPyalHgIA+lFQoQwhz/VzHHLxuD0LV6gwmU/WUQ2WEg=="],

    "@react-email/code-inline": ["@react-email/code-inline@0.0.5", "", { "peerDependencies": { "react": "^18.0 || ^19.0 || ^19.0.0-rc" } }, "sha512-MmAsOzdJpzsnY2cZoPHFPk6uDO/Ncpb4Kh1hAt9UZc1xOW3fIzpe1Pi9y9p6wwUmpaeeDalJxAxH6/fnTquinA=="],

    "@react-email/column": ["@react-email/column@0.0.13", "", { "peerDependencies": { "react": "^18.0 || ^19.0 || ^19.0.0-rc" } }, "sha512-Lqq17l7ShzJG/d3b1w/+lVO+gp2FM05ZUo/nW0rjxB8xBICXOVv6PqjDnn3FXKssvhO5qAV20lHM6S+spRhEwQ=="],

    "@react-email/components": ["@react-email/components@0.0.31", "", { "dependencies": { "@react-email/body": "0.0.11", "@react-email/button": "0.0.19", "@react-email/code-block": "0.0.11", "@react-email/code-inline": "0.0.5", "@react-email/column": "0.0.13", "@react-email/container": "0.0.15", "@react-email/font": "0.0.9", "@react-email/head": "0.0.12", "@react-email/heading": "0.0.15", "@react-email/hr": "0.0.11", "@react-email/html": "0.0.11", "@react-email/img": "0.0.11", "@react-email/link": "0.0.12", "@react-email/markdown": "0.0.14", "@react-email/preview": "0.0.12", "@react-email/render": "1.0.3", "@react-email/row": "0.0.12", "@react-email/section": "0.0.16", "@react-email/tailwind": "1.0.4", "@react-email/text": "0.0.11" }, "peerDependencies": { "react": "^18.0 || ^19.0 || ^19.0.0-rc" } }, "sha512-rQsTY9ajobncix9raexhBjC7O6cXUMc87eNez2gnB1FwtkUO8DqWZcktbtwOJi7GKmuAPTx0o/IOFtiBNXziKA=="],

    "@react-email/container": ["@react-email/container@0.0.15", "", { "peerDependencies": { "react": "^18.0 || ^19.0 || ^19.0.0-rc" } }, "sha512-Qo2IQo0ru2kZq47REmHW3iXjAQaKu4tpeq/M8m1zHIVwKduL2vYOBQWbC2oDnMtWPmkBjej6XxgtZByxM6cCFg=="],

    "@react-email/font": ["@react-email/font@0.0.9", "", { "peerDependencies": { "react": "^18.0 || ^19.0 || ^19.0.0-rc" } }, "sha512-4zjq23oT9APXkerqeslPH3OZWuh5X4crHK6nx82mVHV2SrLba8+8dPEnWbaACWTNjOCbcLIzaC9unk7Wq2MIXw=="],

    "@react-email/head": ["@react-email/head@0.0.12", "", { "peerDependencies": { "react": "^18.0 || ^19.0 || ^19.0.0-rc" } }, "sha512-X2Ii6dDFMF+D4niNwMAHbTkeCjlYYnMsd7edXOsi0JByxt9wNyZ9EnhFiBoQdqkE+SMDcu8TlNNttMrf5sJeMA=="],

    "@react-email/heading": ["@react-email/heading@0.0.15", "", { "peerDependencies": { "react": "^18.0 || ^19.0 || ^19.0.0-rc" } }, "sha512-xF2GqsvBrp/HbRHWEfOgSfRFX+Q8I5KBEIG5+Lv3Vb2R/NYr0s8A5JhHHGf2pWBMJdbP4B2WHgj/VUrhy8dkIg=="],

    "@react-email/hr": ["@react-email/hr@0.0.11", "", { "peerDependencies": { "react": "^18.0 || ^19.0 || ^19.0.0-rc" } }, "sha512-S1gZHVhwOsd1Iad5IFhpfICwNPMGPJidG/Uysy1AwmspyoAP5a4Iw3OWEpINFdgh9MHladbxcLKO2AJO+cA9Lw=="],

    "@react-email/html": ["@react-email/html@0.0.11", "", { "peerDependencies": { "react": "^18.0 || ^19.0 || ^19.0.0-rc" } }, "sha512-qJhbOQy5VW5qzU74AimjAR9FRFQfrMa7dn4gkEXKMB/S9xZN8e1yC1uA9C15jkXI/PzmJ0muDIWmFwatm5/+VA=="],

    "@react-email/img": ["@react-email/img@0.0.11", "", { "peerDependencies": { "react": "^18.0 || ^19.0 || ^19.0.0-rc" } }, "sha512-aGc8Y6U5C3igoMaqAJKsCpkbm1XjguQ09Acd+YcTKwjnC2+0w3yGUJkjWB2vTx4tN8dCqQCXO8FmdJpMfOA9EQ=="],

    "@react-email/link": ["@react-email/link@0.0.12", "", { "peerDependencies": { "react": "^18.0 || ^19.0 || ^19.0.0-rc" } }, "sha512-vF+xxQk2fGS1CN7UPQDbzvcBGfffr+GjTPNiWM38fhBfsLv6A/YUfaqxWlmL7zLzVmo0K2cvvV9wxlSyNba1aQ=="],

    "@react-email/markdown": ["@react-email/markdown@0.0.14", "", { "dependencies": { "md-to-react-email": "5.0.5" }, "peerDependencies": { "react": "^18.0 || ^19.0 || ^19.0.0-rc" } }, "sha512-5IsobCyPkb4XwnQO8uFfGcNOxnsg3311GRXhJ3uKv51P7Jxme4ycC/MITnwIZ10w2zx7HIyTiqVzTj4XbuIHbg=="],

    "@react-email/preview": ["@react-email/preview@0.0.12", "", { "peerDependencies": { "react": "^18.0 || ^19.0 || ^19.0.0-rc" } }, "sha512-g/H5fa9PQPDK6WUEG7iTlC19sAktI23qyoiJtMLqQiXFCfWeQMhqjLGKeLSKkfzszqmfJCjZtpSiKtBoOdxp3Q=="],

    "@react-email/render": ["@react-email/render@1.4.0", "", { "dependencies": { "html-to-text": "^9.0.5", "prettier": "^3.5.3", "react-promise-suspense": "^0.3.4" }, "peerDependencies": { "react": "^18.0 || ^19.0 || ^19.0.0-rc", "react-dom": "^18.0 || ^19.0 || ^19.0.0-rc" } }, "sha512-ZtJ3noggIvW1ZAryoui95KJENKdCzLmN5F7hyZY1F/17B1vwzuxHB7YkuCg0QqHjDivc5axqYEYdIOw4JIQdUw=="],

    "@react-email/row": ["@react-email/row@0.0.12", "", { "peerDependencies": { "react": "^18.0 || ^19.0 || ^19.0.0-rc" } }, "sha512-HkCdnEjvK3o+n0y0tZKXYhIXUNPDx+2vq1dJTmqappVHXS5tXS6W5JOPZr5j+eoZ8gY3PShI2LWj5rWF7ZEtIQ=="],

    "@react-email/section": ["@react-email/section@0.0.16", "", { "peerDependencies": { "react": "^18.0 || ^19.0 || ^19.0.0-rc" } }, "sha512-FjqF9xQ8FoeUZYKSdt8sMIKvoT9XF8BrzhT3xiFKdEMwYNbsDflcjfErJe3jb7Wj/es/lKTbV5QR1dnLzGpL3w=="],

    "@react-email/tailwind": ["@react-email/tailwind@1.0.4", "", { "peerDependencies": { "react": "^18.0 || ^19.0 || ^19.0.0-rc" } }, "sha512-tJdcusncdqgvTUYZIuhNC6LYTfL9vNTSQpwWdTCQhQ1lsrNCEE4OKCSdzSV3S9F32pi0i0xQ+YPJHKIzGjdTSA=="],

    "@react-email/text": ["@react-email/text@0.0.11", "", { "peerDependencies": { "react": "^18.0 || ^19.0 || ^19.0.0-rc" } }, "sha512-a7nl/2KLpRHOYx75YbYZpWspUbX1DFY7JIZbOv5x0QU8SvwDbJt+Hm01vG34PffFyYvHEXrc6Qnip2RTjljNjg=="],

    "@selderee/plugin-htmlparser2": ["@selderee/plugin-htmlparser2@0.11.0", "", { "dependencies": { "domhandler": "^5.0.3", "selderee": "^0.11.0" } }, "sha512-P33hHGdldxGabLFjPPpaTxVolMrzrcegejx+0GxjrIb9Zv48D8yAIA/QTDR2dFl7Uz7urX8aX6+5bCZslr+gWQ=="],

    "@types/bun": ["@types/bun@1.3.5", "", { "dependencies": { "bun-types": "1.3.5" } }, "sha512-RnygCqNrd3srIPEWBd5LFeUYG7plCoH2Yw9WaZGyNmdTEei+gWaHqydbaIRkIkcbXwhBT94q78QljxN0Sk838w=="],

    "@types/node": ["@types/node@22.19.3", "", { "dependencies": { "undici-types": "~6.21.0" } }, "sha512-1N9SBnWYOJTrNZCdh/yJE+t910Y128BoyY+zBLWhL3r0TYzlTmFdXrPwHL9DyFZmlEXNQQolTZh3KHV31QDhyA=="],

    "@types/react": ["@types/react@19.2.7", "", { "dependencies": { "csstype": "^3.2.2" } }, "sha512-MWtvHrGZLFttgeEj28VXHxpmwYbor/ATPYbBfSFZEIRK0ecCFLl2Qo55z52Hss+UV9CRN7trSeq1zbgx7YDWWg=="],

    "bun-types": ["bun-types@1.3.5", "", { "dependencies": { "@types/node": "*" } }, "sha512-inmAYe2PFLs0SUbFOWSVD24sg1jFlMPxOjOSSCYqUgn4Hsc3rDc7dFvfVYjFPNHtov6kgUeulV4SxbuIV/stPw=="],

    "csstype": ["csstype@3.2.3", "", {}, "sha512-z1HGKcYy2xA8AGQfwrn0PAy+PB7X/GSj3UVJW9qKyn43xWa+gl5nXmU4qqLMRzWVLFC8KusUX8T/0kCiOYpAIQ=="],

    "deepmerge": ["deepmerge@4.3.1", "", {}, "sha512-3sUqbMEc77XqpdNO7FRyRog+eW3ph+GYCbj+rK+uYyRMuwsVy0rMiVtPn+QJlKFvWP/1PYpapqYn0Me2knFn+A=="],

    "dom-serializer": ["dom-serializer@2.0.0", "", { "dependencies": { "domelementtype": "^2.3.0", "domhandler": "^5.0.2", "entities": "^4.2.0" } }, "sha512-wIkAryiqt/nV5EQKqQpo3SToSOV9J0DnbJqwK7Wv/Trc92zIAYZ4FlMu+JPFW1DfGFt81ZTCGgDEabffXeLyJg=="],

    "domelementtype": ["domelementtype@2.3.0", "", {}, "sha512-OLETBj6w0OsagBwdXnPdN0cnMfF9opN69co+7ZrbfPGrdpPVNBUj02spi6B1N7wChLQiPn4CSH/zJvXw56gmHw=="],

    "domhandler": ["domhandler@5.0.3", "", { "dependencies": { "domelementtype": "^2.3.0" } }, "sha512-cgwlv/1iFQiFnU96XXgROh8xTeetsnJiDsTc7TYCLFd9+/WNkIqPTxiM/8pSd8VIrhXGTf1Ny1q1hquVqDJB5w=="],

    "domutils": ["domutils@3.2.2", "", { "dependencies": { "dom-serializer": "^2.0.0", "domelementtype": "^2.3.0", "domhandler": "^5.0.3" } }, "sha512-6kZKyUajlDuqlHKVX1w7gyslj9MPIXzIFiz/rGu35uC1wMi+kMhQwGhl4lt9unC9Vb9INnY9Z3/ZA3+FhASLaw=="],

    "entities": ["entities@4.5.0", "", {}, "sha512-V0hjH4dGPh9Ao5p0MoRY6BVqtwCjhz6vI5LT8AJ55H+4g9/4vbHx1I54fS0XuclLhDHArPQCiMjDxjaL8fPxhw=="],

    "fast-deep-equal": ["fast-deep-equal@2.0.1", "", {}, "sha512-bCK/2Z4zLidyB4ReuIsvALH6w31YfAQDmXMqMx6FyfHqvBxtjC0eRumeSu4Bs3XtXwpyIywtSTrVT99BxY1f9w=="],

    "html-to-text": ["html-to-text@9.0.5", "", { "dependencies": { "@selderee/plugin-htmlparser2": "^0.11.0", "deepmerge": "^4.3.1", "dom-serializer": "^2.0.0", "htmlparser2": "^8.0.2", "selderee": "^0.11.0" } }, "sha512-qY60FjREgVZL03vJU6IfMV4GDjGBIoOyvuFdpBDIX9yTlDw0TjxVBQp+P8NvpdIXNJvfWBTNul7fsAQJq2FNpg=="],

    "htmlparser2": ["htmlparser2@8.0.2", "", { "dependencies": { "domelementtype": "^2.3.0", "domhandler": "^5.0.3", "domutils": "^3.0.1", "entities": "^4.4.0" } }, "sha512-GYdjWKDkbRLkZ5geuHs5NY1puJ+PXwP7+fHPRz06Eirsb9ugf6d8kkXav6ADhcODhFFPMIXyxkxSuMf3D6NCFA=="],

    "leac": ["leac@0.6.0", "", {}, "sha512-y+SqErxb8h7nE/fiEX07jsbuhrpO9lL8eca7/Y1nuWV2moNlXhyd59iDGcRf6moVyDMbmTNzL40SUyrFU/yDpg=="],

    "marked": ["marked@7.0.4", "", { "bin": { "marked": "bin/marked.js" } }, "sha512-t8eP0dXRJMtMvBojtkcsA7n48BkauktUKzfkPSCq85ZMTJ0v76Rke4DYz01omYpPTUh4p/f7HePgRo3ebG8+QQ=="],

    "md-to-react-email": ["md-to-react-email@5.0.5", "", { "dependencies": { "marked": "7.0.4" }, "peerDependencies": { "react": "^18.0 || ^19.0" } }, "sha512-OvAXqwq57uOk+WZqFFNCMZz8yDp8BD3WazW1wAKHUrPbbdr89K9DWS6JXY09vd9xNdPNeurI8DU/X4flcfaD8A=="],

    "parseley": ["parseley@0.12.1", "", { "dependencies": { "leac": "^0.6.0", "peberminta": "^0.9.0" } }, "sha512-e6qHKe3a9HWr0oMRVDTRhKce+bRO8VGQR3NyVwcjwrbhMmFCX9KszEV35+rn4AdilFAq9VPxP/Fe1wC9Qjd2lw=="],

    "peberminta": ["peberminta@0.9.0", "", {}, "sha512-XIxfHpEuSJbITd1H3EeQwpcZbTLHc+VVr8ANI9t5sit565tsI4/xK3KWTUFE2e6QiangUkh3B0jihzmGnNrRsQ=="],

    "prettier": ["prettier@3.7.4", "", { "bin": { "prettier": "bin/prettier.cjs" } }, "sha512-v6UNi1+3hSlVvv8fSaoUbggEM5VErKmmpGA7Pl3HF8V6uKY7rvClBOJlH6yNwQtfTueNkGVpOv/mtWL9L4bgRA=="],

    "prismjs": ["prismjs@1.29.0", "", {}, "sha512-Kx/1w86q/epKcmte75LNrEoT+lX8pBpavuAbvJWRXar7Hz8jrtF+e3vY751p0R8H9HdArwaCTNDDzHg/ScJK1Q=="],

    "react": ["react@19.2.3", "", {}, "sha512-Ku/hhYbVjOQnXDZFv2+RibmLFGwFdeeKHFcOTlrt7xplBnya5OGn/hIRDsqDiSUcfORsDC7MPxwork8jBwsIWA=="],

    "react-dom": ["react-dom@19.2.3", "", { "dependencies": { "scheduler": "^0.27.0" }, "peerDependencies": { "react": "^19.2.3" } }, "sha512-yELu4WmLPw5Mr/lmeEpox5rw3RETacE++JgHqQzd2dg+YbJuat3jH4ingc+WPZhxaoFzdv9y33G+F7Nl5O0GBg=="],

    "react-promise-suspense": ["react-promise-suspense@0.3.4", "", { "dependencies": { "fast-deep-equal": "^2.0.1" } }, "sha512-I42jl7L3Ze6kZaq+7zXWSunBa3b1on5yfvUW6Eo/3fFOj6dZ5Bqmcd264nJbTK/gn1HjjILAjSwnZbV4RpSaNQ=="],

    "scheduler": ["scheduler@0.27.0", "", {}, "sha512-eNv+WrVbKu1f3vbYJT/xtiF5syA5HPIMtf9IgY/nKg0sWqzAUEvqY/xm7OcZc/qafLx/iO9FgOmeSAp4v5ti/Q=="],

    "selderee": ["selderee@0.11.0", "", { "dependencies": { "parseley": "^0.12.0" } }, "sha512-5TF+l7p4+OsnP8BCCvSyZiSPc4x4//p5uPwK8TCnVPJYRmU2aYKMpOXvw8zM5a5JvuuCGN1jmsMwuU2W02ukfA=="],

    "typescript": ["typescript@5.9.3", "", { "bin": { "tsc": "bin/tsc", "tsserver": "bin/tsserver" } }, "sha512-jl1vZzPDinLr9eUt3J/t7V6FgNEw9QjvBPdysz9KfQDD41fQrC2Y4vKQdiaUpFT4bXlb1RHhLpp8wtm6M5TgSw=="],

    "undici-types": ["undici-types@6.21.0", "", {}, "sha512-iwDZqg0QAGrg9Rav5H4n0M64c3mkR59cJ6wQp+7C4nI0gsmExaedaYLNO44eT4AtBBwjbTiGPMlt2Md0T9H9JQ=="],

    "@react-email/components/@react-email/render": ["@react-email/render@1.0.3", "", { "dependencies": { "html-to-text": "9.0.5", "prettier": "3.3.3", "react-promise-suspense": "0.3.4" }, "peerDependencies": { "react": "^18.0 || ^19.0 || ^19.0.0-rc", "react-dom": "^18.0 || ^19.0 || ^19.0.0-rc" } }, "sha512-VQ8g4SuIq/jWdfBTdTjb7B8Np0jj+OoD7VebfdHhLTZzVQKesR2aigpYqE/ZXmwj4juVxDm8T2b6WIIu48rPCg=="],

    "@react-email/components/@react-email/render/prettier": ["prettier@3.3.3", "", { "bin": { "prettier": "bin/prettier.cjs" } }, "sha512-i2tDNA0O5IrMO757lfrdQZCc2jPNDVntV0m/+4whiDfWaTKfMNgR7Qz0NAeGz/nRqF4m5/6CLzbP4/liHt12Ew=="],
  }
}
